// !$*UTF8*$!
{
	archiveVersion = 1;
	classes = {
	};
	objectVersion = 50;
	objects = {

/* Begin PBXBuildFile section */
		164AFBE7247219A300369AC2 /* SearchResultsController.swift in Sources */ = {isa = PBXBuildFile; fileRef = 164AFBE6247219A300369AC2 /* SearchResultsController.swift */; };
		166ADFE62471DE0D009B0C9A /* AppDelegate.swift in Sources */ = {isa = PBXBuildFile; fileRef = 166ADFE52471DE0D009B0C9A /* AppDelegate.swift */; };
		166ADFE82471DE0D009B0C9A /* SceneDelegate.swift in Sources */ = {isa = PBXBuildFile; fileRef = 166ADFE72471DE0D009B0C9A /* SceneDelegate.swift */; };
		166ADFEA2471DE0D009B0C9A /* ViewController.swift in Sources */ = {isa = PBXBuildFile; fileRef = 166ADFE92471DE0D009B0C9A /* ViewController.swift */; };
		166ADFED2471DE0D009B0C9A /* Main.storyboard in Resources */ = {isa = PBXBuildFile; fileRef = 166ADFEB2471DE0D009B0C9A /* Main.storyboard */; };
		166ADFEF2471DE0E009B0C9A /* Assets.xcassets in Resources */ = {isa = PBXBuildFile; fileRef = 166ADFEE2471DE0E009B0C9A /* Assets.xcassets */; };
		166ADFF22471DE0E009B0C9A /* LaunchScreen.storyboard in Resources */ = {isa = PBXBuildFile; fileRef = 166ADFF02471DE0E009B0C9A /* LaunchScreen.storyboard */; };
		9535F7F9267875735E806DA3 /* Pods_OtoCab.framework in Frameworks */ = {isa = PBXBuildFile; fileRef = D747FC7F8738CBC23CB95242 /* Pods_OtoCab.framework */; };
/* End PBXBuildFile section */

/* Begin PBXFileReference section */
		164AFBE6247219A300369AC2 /* SearchResultsController.swift */ = {isa = PBXFileReference; lastKnownFileType = sourcecode.swift; path = SearchResultsController.swift; sourceTree = "<group>"; };
		166ADFE22471DE0D009B0C9A /* OtoCab.app */ = {isa = PBXFileReference; explicitFileType = wrapper.application; includeInIndex = 0; path = OtoCab.app; sourceTree = BUILT_PRODUCTS_DIR; };
		166ADFE52471DE0D009B0C9A /* AppDelegate.swift */ = {isa = PBXFileReference; lastKnownFileType = sourcecode.swift; path = AppDelegate.swift; sourceTree = "<group>"; };
		166ADFE72471DE0D009B0C9A /* SceneDelegate.swift */ = {isa = PBXFileReference; lastKnownFileType = sourcecode.swift; path = SceneDelegate.swift; sourceTree = "<group>"; };
		166ADFE92471DE0D009B0C9A /* ViewController.swift */ = {isa = PBXFileReference; lastKnownFileType = sourcecode.swift; path = ViewController.swift; sourceTree = "<group>"; };
		166ADFEC2471DE0D009B0C9A /* Base */ = {isa = PBXFileReference; lastKnownFileType = file.storyboard; name = Base; path = Base.lproj/Main.storyboard; sourceTree = "<group>"; };
		166ADFEE2471DE0E009B0C9A /* Assets.xcassets */ = {isa = PBXFileReference; lastKnownFileType = folder.assetcatalog; path = Assets.xcassets; sourceTree = "<group>"; };
		166ADFF12471DE0E009B0C9A /* Base */ = {isa = PBXFileReference; lastKnownFileType = file.storyboard; name = Base; path = Base.lproj/LaunchScreen.storyboard; sourceTree = "<group>"; };
		166ADFF32471DE0F009B0C9A /* Info.plist */ = {isa = PBXFileReference; lastKnownFileType = text.plist.xml; path = Info.plist; sourceTree = "<group>"; };
		400A3FC031241A238C7738D2 /* Pods-OtoCab.debug.xcconfig */ = {isa = PBXFileReference; includeInIndex = 1; lastKnownFileType = text.xcconfig; name = "Pods-OtoCab.debug.xcconfig"; path = "Pods/Target Support Files/Pods-OtoCab/Pods-OtoCab.debug.xcconfig"; sourceTree = "<group>"; };
		CBFD25D4628473E22DEFCF03 /* Pods-OtoCab.release.xcconfig */ = {isa = PBXFileReference; includeInIndex = 1; lastKnownFileType = text.xcconfig; name = "Pods-OtoCab.release.xcconfig"; path = "Pods/Target Support Files/Pods-OtoCab/Pods-OtoCab.release.xcconfig"; sourceTree = "<group>"; };
		D747FC7F8738CBC23CB95242 /* Pods_OtoCab.framework */ = {isa = PBXFileReference; explicitFileType = wrapper.framework; includeInIndex = 0; path = Pods_OtoCab.framework; sourceTree = BUILT_PRODUCTS_DIR; };
/* End PBXFileReference section */

/* Begin PBXFrameworksBuildPhase section */
		166ADFDF2471DE0D009B0C9A /* Frameworks */ = {
			isa = PBXFrameworksBuildPhase;
			buildActionMask = 2147483647;
			files = (
				9535F7F9267875735E806DA3 /* Pods_OtoCab.framework in Frameworks */,
			);
			runOnlyForDeploymentPostprocessing = 0;
		};
/* End PBXFrameworksBuildPhase section */

/* Begin PBXGroup section */
		166ADFD92471DE0D009B0C9A = {
			isa = PBXGroup;
			children = (
				166ADFE42471DE0D009B0C9A /* OtoCab */,
				166ADFE32471DE0D009B0C9A /* Products */,
				97C215F38A6404C605A23216 /* Pods */,
				F729EF19870DE99D079E11FC /* Frameworks */,
			);
			sourceTree = "<group>";
		};
		166ADFE32471DE0D009B0C9A /* Products */ = {
			isa = PBXGroup;
			children = (
				166ADFE22471DE0D009B0C9A /* OtoCab.app */,
			);
			name = Products;
			sourceTree = "<group>";
		};
		166ADFE42471DE0D009B0C9A /* OtoCab */ = {
			isa = PBXGroup;
			children = (
				166ADFE52471DE0D009B0C9A /* AppDelegate.swift */,
				166ADFE72471DE0D009B0C9A /* SceneDelegate.swift */,
				166ADFE92471DE0D009B0C9A /* ViewController.swift */,
				166ADFEB2471DE0D009B0C9A /* Main.storyboard */,
				166ADFEE2471DE0E009B0C9A /* Assets.xcassets */,
				166ADFF02471DE0E009B0C9A /* LaunchScreen.storyboard */,
				166ADFF32471DE0F009B0C9A /* Info.plist */,
				164AFBE6247219A300369AC2 /* SearchResultsController.swift */,
			);
			path = OtoCab;
			sourceTree = "<group>";
		};
		97C215F38A6404C605A23216 /* Pods */ = {
			isa = PBXGroup;
			children = (
				400A3FC031241A238C7738D2 /* Pods-OtoCab.debug.xcconfig */,
				CBFD25D4628473E22DEFCF03 /* Pods-OtoCab.release.xcconfig */,
			);
			name = Pods;
			sourceTree = "<group>";
		};
		F729EF19870DE99D079E11FC /* Frameworks */ = {
			isa = PBXGroup;
			children = (
				D747FC7F8738CBC23CB95242 /* Pods_OtoCab.framework */,
			);
			name = Frameworks;
			sourceTree = "<group>";
		};
/* End PBXGroup section */

/* Begin PBXNativeTarget section */
		166ADFE12471DE0D009B0C9A /* OtoCab */ = {
			isa = PBXNativeTarget;
			buildConfigurationList = 166ADFF62471DE0F009B0C9A /* Build configuration list for PBXNativeTarget "OtoCab" */;
			buildPhases = (
				4D103F7CAFD392CD2C59FC24 /* [CP] Check Pods Manifest.lock */,
				166ADFDE2471DE0D009B0C9A /* Sources */,
				166ADFDF2471DE0D009B0C9A /* Frameworks */,
				166ADFE02471DE0D009B0C9A /* Resources */,
				5606AC83F83EF7F419790CA5 /* [CP] Copy Pods Resources */,
				00478BAB982A45424F0C4321 /* [CP] Embed Pods Frameworks */,
			);
			buildRules = (
			);
			dependencies = (
			);
			name = OtoCab;
			productName = OtoCab;
			productReference = 166ADFE22471DE0D009B0C9A /* OtoCab.app */;
			productType = "com.apple.product-type.application";
		};
/* End PBXNativeTarget section */

/* Begin PBXProject section */
		166ADFDA2471DE0D009B0C9A /* Project object */ = {
			isa = PBXProject;
			attributes = {
				LastSwiftUpdateCheck = 1130;
				LastUpgradeCheck = 1130;
				ORGANIZATIONNAME = "Sayed Abdo";
				TargetAttributes = {
					166ADFE12471DE0D009B0C9A = {
						CreatedOnToolsVersion = 11.3.1;
					};
				};
			};
			buildConfigurationList = 166ADFDD2471DE0D009B0C9A /* Build configuration list for PBXProject "OtoCab" */;
			compatibilityVersion = "Xcode 9.3";
			developmentRegion = en;
			hasScannedForEncodings = 0;
			knownRegions = (
				en,
				Base,
			);
			mainGroup = 166ADFD92471DE0D009B0C9A;
			productRefGroup = 166ADFE32471DE0D009B0C9A /* Products */;
			projectDirPath = "";
			projectRoot = "";
			targets = (
				166ADFE12471DE0D009B0C9A /* OtoCab */,
			);
		};
/* End PBXProject section */

/* Begin PBXResourcesBuildPhase section */
		166ADFE02471DE0D009B0C9A /* Resources */ = {
			isa = PBXResourcesBuildPhase;
			buildActionMask = 2147483647;
			files = (
				166ADFF22471DE0E009B0C9A /* LaunchScreen.storyboard in Resources */,
				166ADFEF2471DE0E009B0C9A /* Assets.xcassets in Resources */,
				166ADFED2471DE0D009B0C9A /* Main.storyboard in Resources */,
			);
			runOnlyForDeploymentPostprocessing = 0;
		};
/* End PBXResourcesBuildPhase section */

/* Begin PBXShellScriptBuildPhase section */
		00478BAB982A45424F0C4321 /* [CP] Embed Pods Frameworks */ = {
			isa = PBXShellScriptBuildPhase;
			buildActionMask = 2147483647;
			files = (
			);
			inputPaths = (
				"${SRCROOT}/Pods/Target Support Files/Pods-OtoCab/Pods-OtoCab-frameworks.sh",
				"${BUILT_PRODUCTS_DIR}/Alamofire/Alamofire.framework",
				"${BUILT_PRODUCTS_DIR}/SwiftyJSON/SwiftyJSON.framework",
			);
			name = "[CP] Embed Pods Frameworks";
			outputPaths = (
				"${TARGET_BUILD_DIR}/${FRAMEWORKS_FOLDER_PATH}/Alamofire.framework",
				"${TARGET_BUILD_DIR}/${FRAMEWORKS_FOLDER_PATH}/SwiftyJSON.framework",
			);
			runOnlyForDeploymentPostprocessing = 0;
			shellPath = /bin/sh;
			shellScript = "\"${SRCROOT}/Pods/Target Support Files/Pods-OtoCab/Pods-OtoCab-frameworks.sh\"\n";
			showEnvVarsInLog = 0;
		};
		4D103F7CAFD392CD2C59FC24 /* [CP] Check Pods Manifest.lock */ = {
			isa = PBXShellScriptBuildPhase;
			buildActionMask = 2147483647;
			files = (
			);
			inputPaths = (
				"${PODS_PODFILE_DIR_PATH}/Podfile.lock",
				"${PODS_ROOT}/Manifest.lock",
			);
			name = "[CP] Check Pods Manifest.lock";
			outputPaths = (
				"$(DERIVED_FILE_DIR)/Pods-OtoCab-checkManifestLockResult.txt",
			);
			runOnlyForDeploymentPostprocessing = 0;
			shellPath = /bin/sh;
			shellScript = "diff \"${PODS_PODFILE_DIR_PATH}/Podfile.lock\" \"${PODS_ROOT}/Manifest.lock\" > /dev/null\nif [ $? != 0 ] ; then\n    # print error to STDERR\n    echo \"error: The sandbox is not in sync with the Podfile.lock. Run 'pod install' or update your CocoaPods installation.\" >&2\n    exit 1\nfi\n# This output is used by Xcode 'outputs' to avoid re-running this script phase.\necho \"SUCCESS\" > \"${SCRIPT_OUTPUT_FILE_0}\"\n";
			showEnvVarsInLog = 0;
		};
		5606AC83F83EF7F419790CA5 /* [CP] Copy Pods Resources */ = {
			isa = PBXShellScriptBuildPhase;
			buildActionMask = 2147483647;
			files = (
			);
			inputPaths = (
				"${SRCROOT}/Pods/Target Support Files/Pods-OtoCab/Pods-OtoCab-resources.sh",
				"${PODS_ROOT}/GoogleMaps/Maps/Frameworks/GoogleMaps.framework/Resources/GoogleMaps.bundle",
				"${PODS_ROOT}/GooglePlaces/Frameworks/GooglePlaces.framework/Resources/GooglePlaces.bundle",
			);
			name = "[CP] Copy Pods Resources";
			outputPaths = (
				"${TARGET_BUILD_DIR}/${UNLOCALIZED_RESOURCES_FOLDER_PATH}/GoogleMaps.bundle",
				"${TARGET_BUILD_DIR}/${UNLOCALIZED_RESOURCES_FOLDER_PATH}/GooglePlaces.bundle",
			);
			runOnlyForDeploymentPostprocessing = 0;
			shellPath = /bin/sh;
			shellScript = "\"${SRCROOT}/Pods/Target Support Files/Pods-OtoCab/Pods-OtoCab-resources.sh\"\n";
			showEnvVarsInLog = 0;
		};
/* End PBXShellScriptBuildPhase section */

/* Begin PBXSourcesBuildPhase section */
		166ADFDE2471DE0D009B0C9A /* Sources */ = {
			isa = PBXSourcesBuildPhase;
			buildActionMask = 2147483647;
			files = (
				164AFBE7247219A300369AC2 /* SearchResultsController.swift in Sources */,
				166ADFEA2471DE0D009B0C9A /* ViewController.swift in Sources */,
				166ADFE62471DE0D009B0C9A /* AppDelegate.swift in Sources */,
				166ADFE82471DE0D009B0C9A /* SceneDelegate.swift in Sources */,
			);
			runOnlyForDeploymentPostprocessing = 0;
		};
/* End PBXSourcesBuildPhase section */

/* Begin PBXVariantGroup section */
		166ADFEB2471DE0D009B0C9A /* Main.storyboard */ = {
			isa = PBXVariantGroup;
			children = (
				166ADFEC2471DE0D009B0C9A /* Base */,
			);
			name = Main.storyboard;
			sourceTree = "<group>";
		};
		166ADFF02471DE0E009B0C9A /* LaunchScreen.storyboard */ = {
			isa = PBXVariantGroup;
			children = (
				166ADFF12471DE0E009B0C9A /* Base */,
			);
			name = LaunchScreen.storyboard;
			sourceTree = "<group>";
		};
/* End PBXVariantGroup section */

/* Begin XCBuildConfiguration section */
		166ADFF42471DE0F009B0C9A /* Debug */ = {
			isa = XCBuildConfiguration;
			buildSettings = {
				ALWAYS_SEARCH_USER_PATHS = NO;
				CLANG_ANALYZER_NONNULL = YES;
				CLANG_ANALYZER_NUMBER_OBJECT_CONVERSION = YES_AGGRESSIVE;
				CLANG_CXX_LANGUAGE_STANDARD = "gnu++14";
				CLANG_CXX_LIBRARY = "libc++";
				CLANG_ENABLE_MODULES = YES;
				CLANG_ENABLE_OBJC_ARC = YES;
				CLANG_ENABLE_OBJC_WEAK = YES;
				CLANG_WARN_BLOCK_CAPTURE_AUTORELEASING = YES;
				CLANG_WARN_BOOL_CONVERSION = YES;
				CLANG_WARN_COMMA = YES;
				CLANG_WARN_CONSTANT_CONVERSION = YES;
				CLANG_WARN_DEPRECATED_OBJC_IMPLEMENTATIONS = YES;
				CLANG_WARN_DIRECT_OBJC_ISA_USAGE = YES_ERROR;
				CLANG_WARN_DOCUMENTATION_COMMENTS = YES;
				CLANG_WARN_EMPTY_BODY = YES;
				CLANG_WARN_ENUM_CONVERSION = YES;
				CLANG_WARN_INFINITE_RECURSION = YES;
				CLANG_WARN_INT_CONVERSION = YES;
				CLANG_WARN_NON_LITERAL_NULL_CONVERSION = YES;
				CLANG_WARN_OBJC_IMPLICIT_RETAIN_SELF = YES;
				CLANG_WARN_OBJC_LITERAL_CONVERSION = YES;
				CLANG_WARN_OBJC_ROOT_CLASS = YES_ERROR;
				CLANG_WARN_RANGE_LOOP_ANALYSIS = YES;
				CLANG_WARN_STRICT_PROTOTYPES = YES;
				CLANG_WARN_SUSPICIOUS_MOVE = YES;
				CLANG_WARN_UNGUARDED_AVAILABILITY = YES_AGGRESSIVE;
				CLANG_WARN_UNREACHABLE_CODE = YES;
				CLANG_WARN__DUPLICATE_METHOD_MATCH = YES;
				COPY_PHASE_STRIP = NO;
				DEBUG_INFORMATION_FORMAT = dwarf;
				ENABLE_STRICT_OBJC_MSGSEND = YES;
				ENABLE_TESTABILITY = YES;
				GCC_C_LANGUAGE_STANDARD = gnu11;
				GCC_DYNAMIC_NO_PIC = NO;
				GCC_NO_COMMON_BLOCKS = YES;
				GCC_OPTIMIZATION_LEVEL = 0;
				GCC_PREPROCESSOR_DEFINITIONS = (
					"DEBUG=1",
					"$(inherited)",
				);
				GCC_WARN_64_TO_32_BIT_CONVERSION = YES;
				GCC_WARN_ABOUT_RETURN_TYPE = YES_ERROR;
				GCC_WARN_UNDECLARED_SELECTOR = YES;
				GCC_WARN_UNINITIALIZED_AUTOS = YES_AGGRESSIVE;
				GCC_WARN_UNUSED_FUNCTION = YES;
				GCC_WARN_UNUSED_VARIABLE = YES;
				IPHONEOS_DEPLOYMENT_TARGET = 13.2;
				MTL_ENABLE_DEBUG_INFO = INCLUDE_SOURCE;
				MTL_FAST_MATH = YES;
				ONLY_ACTIVE_ARCH = YES;
				SDKROOT = iphoneos;
				SWIFT_ACTIVE_COMPILATION_CONDITIONS = DEBUG;
				SWIFT_OPTIMIZATION_LEVEL = "-Onone";
			};
			name = Debug;
		};
		166ADFF52471DE0F009B0C9A /* Release */ = {
			isa = XCBuildConfiguration;
			buildSettings = {
				ALWAYS_SEARCH_USER_PATHS = NO;
				CLANG_ANALYZER_NONNULL = YES;
				CLANG_ANALYZER_NUMBER_OBJECT_CONVERSION = YES_AGGRESSIVE;
				CLANG_CXX_LANGUAGE_STANDARD = "gnu++14";
				CLANG_CXX_LIBRARY = "libc++";
				CLANG_ENABLE_MODULES = YES;
				CLANG_ENABLE_OBJC_ARC = YES;
				CLANG_ENABLE_OBJC_WEAK = YES;
				CLANG_WARN_BLOCK_CAPTURE_AUTORELEASING = YES;
				CLANG_WARN_BOOL_CONVERSION = YES;
				CLANG_WARN_COMMA = YES;
				CLANG_WARN_CONSTANT_CONVERSION = YES;
				CLANG_WARN_DEPRECATED_OBJC_IMPLEMENTATIONS = YES;
				CLANG_WARN_DIRECT_OBJC_ISA_USAGE = YES_ERROR;
				CLANG_WARN_DOCUMENTATION_COMMENTS = YES;
				CLANG_WARN_EMPTY_BODY = YES;
				CLANG_WARN_ENUM_CONVERSION = YES;
				CLANG_WARN_INFINITE_RECURSION = YES;
				CLANG_WARN_INT_CONVERSION = YES;
				CLANG_WARN_NON_LITERAL_NULL_CONVERSION = YES;
				CLANG_WARN_OBJC_IMPLICIT_RETAIN_SELF = YES;
				CLANG_WARN_OBJC_LITERAL_CONVERSION = YES;
				CLANG_WARN_OBJC_ROOT_CLASS = YES_ERROR;
				CLANG_WARN_RANGE_LOOP_ANALYSIS = YES;
				CLANG_WARN_STRICT_PROTOTYPES = YES;
				CLANG_WARN_SUSPICIOUS_MOVE = YES;
				CLANG_WARN_UNGUARDED_AVAILABILITY = YES_AGGRESSIVE;
				CLANG_WARN_UNREACHABLE_CODE = YES;
				CLANG_WARN__DUPLICATE_METHOD_MATCH = YES;
				COPY_PHASE_STRIP = NO;
				DEBUG_INFORMATION_FORMAT = "dwarf-with-dsym";
				ENABLE_NS_ASSERTIONS = NO;
				ENABLE_STRICT_OBJC_MSGSEND = YES;
				GCC_C_LANGUAGE_STANDARD = gnu11;
				GCC_NO_COMMON_BLOCKS = YES;
				GCC_WARN_64_TO_32_BIT_CONVERSION = YES;
				GCC_WARN_ABOUT_RETURN_TYPE = YES_ERROR;
				GCC_WARN_UNDECLARED_SELECTOR = YES;
				GCC_WARN_UNINITIALIZED_AUTOS = YES_AGGRESSIVE;
				GCC_WARN_UNUSED_FUNCTION = YES;
				GCC_WARN_UNUSED_VARIABLE = YES;
				IPHONEOS_DEPLOYMENT_TARGET = 13.2;
				MTL_ENABLE_DEBUG_INFO = NO;
				MTL_FAST_MATH = YES;
				SDKROOT = iphoneos;
				SWIFT_COMPILATION_MODE = wholemodule;
				SWIFT_OPTIMIZATION_LEVEL = "-O";
				VALIDATE_PRODUCT = YES;
			};
			name = Release;
		};
		166ADFF72471DE0F009B0C9A /* Debug */ = {
			isa = XCBuildConfiguration;
			baseConfigurationReference = 400A3FC031241A238C7738D2 /* Pods-OtoCab.debug.xcconfig */;
			buildSettings = {
				ASSETCATALOG_COMPILER_APPICON_NAME = AppIcon;
				CODE_SIGN_STYLE = Automatic;
				DEVELOPMENT_TEAM = 9485R43S33;
				INFOPLIST_FILE = OtoCab/Info.plist;
				LD_RUNPATH_SEARCH_PATHS = (
					"$(inherited)",
					"@executable_path/Frameworks",
				);
				PRODUCT_BUNDLE_IDENTIFIER = OtoCab.OtoCab;
				PRODUCT_NAME = "$(TARGET_NAME)";
				SWIFT_VERSION = 5.0;
				TARGETED_DEVICE_FAMILY = "1,2";
			};
			name = Debug;
		};
		166ADFF82471DE0F009B0C9A /* Release */ = {
			isa = XCBuildConfiguration;
			baseConfigurationReference = CBFD25D4628473E22DEFCF03 /* Pods-OtoCab.release.xcconfig */;
			buildSettings = {
				ASSETCATALOG_COMPILER_APPICON_NAME = AppIcon;
				CODE_SIGN_STYLE = Automatic;
				DEVELOPMENT_TEAM = 9485R43S33;
				INFOPLIST_FILE = OtoCab/Info.plist;
				LD_RUNPATH_SEARCH_PATHS = (
					"$(inherited)",
					"@executable_path/Frameworks",
				);
				PRODUCT_BUNDLE_IDENTIFIER = OtoCab.OtoCab;
				PRODUCT_NAME = "$(TARGET_NAME)";
				SWIFT_VERSION = 5.0;
				TARGETED_DEVICE_FAMILY = "1,2";
			};
			name = Release;
		};
/* End XCBuildConfiguration section */

/* Begin XCConfigurationList section */
		166ADFDD2471DE0D009B0C9A /* Build configuration list for PBXProject "OtoCab" */ = {
			isa = XCConfigurationList;
			buildConfigurations = (
				166ADFF42471DE0F009B0C9A /* Debug */,
				166ADFF52471DE0F009B0C9A /* Release */,
			);
			defaultConfigurationIsVisible = 0;
			defaultConfigurationName = Release;
		};
		166ADFF62471DE0F009B0C9A /* Build configuration list for PBXNativeTarget "OtoCab" */ = {
			isa = XCConfigurationList;
			buildConfigurations = (
				166ADFF72471DE0F009B0C9A /* Debug */,
				166ADFF82471DE0F009B0C9A /* Release */,
			);
			defaultConfigurationIsVisible = 0;
			defaultConfigurationName = Release;
		};
/* End XCConfigurationList section */
	};
	rootObject = 166ADFDA2471DE0D009B0C9A /* Project object */;
}
